
Microsoft Visual Studio Solution File, Format Version 12.00
# Visual Studio Version 17
VisualStudioVersion = 17.14.36429.23
MinimumVisualStudioVersion = 10.0.40219.1
Project("{FAE04EC0-301F-11D3-BF4B-00C04F79EFBC}") = "DogHouse", "DogHouse.csproj", "{CFCE5AC6-7622-4D71-B410-091B2AC533EC}"
EndProject
Project("{FAE04EC0-301F-11D3-BF4B-00C04F79EFBC}") = "DogHouse.Tests", "..\DogHouse.Tests\DogHouse.Tests.csproj", "{04C1D236-5141-A7C2-039C-58F165BD5FBD}"
EndProject
Global
	GlobalSection(SolutionConfigurationPlatforms) = preSolution
		Debug|Any CPU = Debug|Any CPU
		Debug|x64 = Debug|x64
		Debug|x86 = Debug|x86
		Release|Any CPU = Release|Any CPU
		Release|x64 = Release|x64
		Release|x86 = Release|x86
	EndGlobalSection
	GlobalSection(ProjectConfigurationPlatforms) = postSolution
		{CFCE5AC6-7622-4D71-B410-091B2AC533EC}.Debug|Any CPU.ActiveCfg = Debug|Any CPU
		{CFCE5AC6-7622-4D71-B410-091B2AC533EC}.Debug|Any CPU.Build.0 = Debug|Any CPU
		{CFCE5AC6-7622-4D71-B410-091B2AC533EC}.Debug|x64.ActiveCfg = Debug|Any CPU
		{CFCE5AC6-7622-4D71-B410-091B2AC533EC}.Debug|x64.Build.0 = Debug|Any CPU
		{CFCE5AC6-7622-4D71-B410-091B2AC533EC}.Debug|x86.ActiveCfg = Debug|Any CPU
		{CFCE5AC6-7622-4D71-B410-091B2AC533EC}.Debug|x86.Build.0 = Debug|Any CPU
		{CFCE5AC6-7622-4D71-B410-091B2AC533EC}.Release|Any CPU.ActiveCfg = Release|Any CPU
		{CFCE5AC6-7622-4D71-B410-091B2AC533EC}.Release|Any CPU.Build.0 = Release|Any CPU
		{CFCE5AC6-7622-4D71-B410-091B2AC533EC}.Release|x64.ActiveCfg = Release|Any CPU
		{CFCE5AC6-7622-4D71-B410-091B2AC533EC}.Release|x64.Build.0 = Release|Any CPU
		{CFCE5AC6-7622-4D71-B410-091B2AC533EC}.Release|x86.ActiveCfg = Release|Any CPU
		{CFCE5AC6-7622-4D71-B410-091B2AC533EC}.Release|x86.Build.0 = Release|Any CPU
		{04C1D236-5141-A7C2-039C-58F165BD5FBD}.Debug|Any CPU.ActiveCfg = Debug|Any CPU
		{04C1D236-5141-A7C2-039C-58F165BD5FBD}.Debug|Any CPU.Build.0 = Debug|Any CPU
		{04C1D236-5141-A7C2-039C-58F165BD5FBD}.Debug|x64.ActiveCfg = Debug|Any CPU
		{04C1D236-5141-A7C2-039C-58F165BD5FBD}.Debug|x64.Build.0 = Debug|Any CPU
		{04C1D236-5141-A7C2-039C-58F165BD5FBD}.Debug|x86.ActiveCfg = Debug|Any CPU
		{04C1D236-5141-A7C2-039C-58F165BD5FBD}.Debug|x86.Build.0 = Debug|Any CPU
		{04C1D236-5141-A7C2-039C-58F165BD5FBD}.Release|Any CPU.ActiveCfg = Release|Any CPU
		{04C1D236-5141-A7C2-039C-58F165BD5FBD}.Release|Any CPU.Build.0 = Release|Any CPU
		{04C1D236-5141-A7C2-039C-58F165BD5FBD}.Release|x64.ActiveCfg = Release|Any CPU
		{04C1D236-5141-A7C2-039C-58F165BD5FBD}.Release|x64.Build.0 = Release|Any CPU
		{04C1D236-5141-A7C2-039C-58F165BD5FBD}.Release|x86.ActiveCfg = Release|Any CPU
		{04C1D236-5141-A7C2-039C-58F165BD5FBD}.Release|x86.Build.0 = Release|Any CPU
	EndGlobalSection
	GlobalSection(SolutionProperties) = preSolution
		HideSolutionNode = FALSE
	EndGlobalSection
	GlobalSection(ExtensibilityGlobals) = postSolution
		SolutionGuid = {AF74AC4A-3323-4B1B-8807-FD131504E88A}
	EndGlobalSection
EndGlobal
